locked_at: 2026-09-29T23:59:15+10:00
PRESPEC.md sha256: 9ef97b64a50cc556244b98d1143484770a115536000e6980821436c2124cea61
inputs/COUNCIL_EXPOSURE_BFPL.csv sha256: d3961c3448d6150fa5ba8a41a3996be3279c08fb22dd53bd68d8cb9198a1d23a
inputs/COUNCIL_HAZARD.csv sha256: de69243a706a1265c3b9c232c95b42e66faae71cdd7424331c2dbc75e1598fde
inputs/COUNCIL_ITEMS_v2.csv sha256: 924acf7934f56750f63f1a6e9c874a721170b1e787eaf87ea10ec4e6de3fb501
inputs/COUNCIL_RISK_SCORE_v2.csv sha256: 8b97a933965f2494afee0b9bdbddb74be606e72584291371941bd98d74e6d745
inputs/ROWS_WITH_SCORE_v2.csv sha256: 936aee83abc612c625407832b12ff130ebeb19de04bc8a9ebe97bc21931d84ba
inputs/build_and_validate_score.py sha256: 410656d9ed321d55543d2ad9a4c74c1e2b117c2cac2fe5274acd37185766fe13
inputs/build_exposure_bfpl.py sha256: f797a960af9240065d03a5f7554fd2c285afaf147d3ff1386b810fa7840c2759
inputs/master_reference_indicators.csv sha256: d5535d70f8188f94cc552ceb5e181ddeb1ea05a9fd75923fff938f53d54c504a
inputs/overlay_candidates.csv sha256: afc579f7fd995b01d77fc5bb7046eca5a8e8f1b3b95bf1808418b7f614af3aa8
inputs/overlay_candidates.py sha256: b3dac4778e82092bfa632a8ec9b451450bbea7b67582ca56672eb877b6a7f686
inputs/stage1_extra_fire_rows.csv sha256: e41177721c36aa4a51db247331eed52f1ad65d1c8ad292974bf25ea7f8386bc6
download p1_nsw2013/1379055001_economy_2009-2013_lga_201506.zip sha256: 289cef2474b0c4195e1d948682753e87eb7906df0b55f062f57d252a979c85f3 matches_MANIFEST=True
download p1_nsw2013/1379055001_economy_2010-2014_lga_201606.zip sha256: fb375ec13d4200c2574e3e08d70818a8b8e66cdf8a6e903945689a293e445082 matches_MANIFEST=True
download p1_nsw2013/2011_BCP_LGA_for_AUST_short-header.zip sha256: fb16f8bd8d7e1dfd038abd6a88a3bfde51e00a9622487547750e6a3c0dd7feb1 matches_MANIFEST=True
download p1_nsw2013/2033.0.55.001_lga_indexes_2011.xls sha256: 0d8b6576eee02cce57276e379aba85dc20ff7f74ac09c0de43d87545d0305b5b matches_MANIFEST=True
download p3b_vic2009/20111123-Local-Govt.pdf sha256: 421bc1b64e592da319704da1e97db28a688470c2ebf50a8b99aa7c4fb6522258 matches_MANIFEST=True
download p3b_vic2009/2033055001_seifa_lga_2006.xls sha256: 4e962f900157ffd5a3122d234893c6779e5e05fa2f5e34bfb794cd05d2dc8f2a matches_MANIFEST=True
download p3b_vic2009/6524055002do003_200506201011.xls sha256: c2257889e3594af1847b76a3b6bd570631336336b6ab3f22cb973839bbdc86ee matches_MANIFEST=True
download p3b_vic2009/nrp_economy_lga_2008-2012.zip sha256: c4cd96429b36a5c6d4b3d8c96d2fc4467c75ac14bd67426302809c3fd0b1151c matches_MANIFEST=True
download p_stage2_dss/dss_mar2014_by2014lga_and_payment.csv sha256: 0c6c001daefe0f16da1db6141bb93eb5e63cc6dc749fc1657bc51c1f237fe036 matches_MANIFEST=True
download p_stage2_dss/dss_sep2013_by2013lga_and_payment.csv sha256: a237a3f165bca5fe05ba2ef5b03283af469dbffbe4e645438b73dc9bad73557d matches_MANIFEST=True
download p2_sa_dss/dss-demographics-june-2014-jan-2020-edit.xlsx sha256: a1b8fae852fde029560a0818641d8f2ad4aba970bfe67b5ab30c4f2a17fd4ab9 matches_MANIFEST=True
download p2_sa_dss/dss-demographics-june-2015.xlsx sha256: 24b29c509dbc3d1f24e8266e9359e925a978e02e74c5398e5a57cc65bec4e44a matches_MANIFEST=True
download p2_sa_dss/dss-demogrphics-march-2015.xlsx sha256: b935accfa3fdefc9324e47794f205ea78ae945184ebee33adf6e7cc48a01161b matches_MANIFEST=True
download p2_sa_lggc/Database_Reports_2020-21.pdf sha256: 250875295bfefb3cb29b1614ac279765f639f80d84a5bd14d47979784da51372 matches_MANIFEST=True
download p2_sa_lggc/database_reports_2013-14.pdf sha256: 1b0d28089a1f47f5267882471e4ae4e56d3c935680967ef78befa58bca78f2cd matches_MANIFEST=True
download p2_sa_lggc/database_reports_2014-15.pdf sha256: 4e7725ee7c2bcf30d09e9d3d324632e1000e67401baaa1db3e270055f6068396 matches_MANIFEST=True
download p2_sa_lggc/database_reports_2015-16.pdf sha256: 6aef08f668eda91f39fbf15a59d9ed6cb0913efc94bbcbf7e35fc1b857be9c3f matches_MANIFEST=True
download p2_sa_lggc/database_reports_2016-17.pdf sha256: f7b98985747a5c6b250899328b7f54a60eb3407cd84a5dda8a727e6f97d7e98e matches_MANIFEST=True
download p2_sa_lggc/database_reports_2018-19.pdf sha256: 3ed17156dfdb840f272679008cc99dd01aea21f7b8608e1941ba9511ad7b7188 matches_MANIFEST=True
download p2_sa_lggc/database_reports_2019-20.pdf sha256: 892fbedaa7e7b92950ed22e0833a18e2c05bcef6be397d275c24ae3ad1e0c904 matches_MANIFEST=True
download p2_sa_bpa/BushfireProtectionAreas_shp.zip sha256: 61d496b20dbca73774cd0720f6c08874dedee7eb6d6912726d16cb9618a4d6c7 matches_MANIFEST=True
download p0_census2016/2016_GCP_LGA_for_AUS_short-header.zip sha256: 6033cc30da3e3757458a9878b569271fa3c4e847e1f1fc763c847bc2203e5351 matches_MANIFEST=True
MANIFEST.csv sha256: 9645b7244eb59a0df45d41a738b00e068a3b5b4bb1208d02aeb1f8f68206305b
protected workbook sha256: 123423eaed7174987f72c63cc40ad334e26c636b2e28358f94cf4fcd60c32ec3
protected duckdb sha256: ce294c7ef50964b334a13d83b627f0732e35d2237c70ddf7ce3a26b06f1cba59
protected out_tree sha256: 7b0feec36ee0891f5143f2000ad51ad08142f3fa009cc319b9cf747e8d4bf69c
