locked_at: 2026-09-30T00:11:35+10:00
purpose: X side frozen before any Y (income change, business change, finance change, homes destroyed) was computed for a new-fire council
results/roster.csv sha256: 72ac2e98f03371023d8df88b9c6fd705efcfc341acac483cbc5e79d2e71ce728
results/event_polygons.csv sha256: f599e128d7b87c370d39d28f33f0e08928fefb3c4e6bad554723040e54eaf05a
results/comparison_groups.csv sha256: e4c564b211ab0240c3a08aa1522b995778b0b14182d326602c4088848a397e1c
results/boundary_edition_check.csv sha256: 5a44af3ed24fb79688ae563c3b6289e66a3cfe2a4c99e8f2a6273d218a723a67
results/geo_items_sa.csv sha256: 71a45fff940bd51c28d9bf24f7734a98e85b5d3ba859360bfc10d969bdd33f36
results/SCORES_new_rows.csv sha256: 02eabafa1e1be31b5b84ca5aa16d2b391d9af107f01bb8a8d1cd0ecea800308e
results/SCORE_ITEMS_new_rows.csv sha256: 678cdbb0ff6b1c50e7083c9d69ee0c6dc199ae4160457f5d297da975539c5505
results/score_build_log.json sha256: fbaf7159bee193c1be8e45a1a5499e0b16e100ca50b22a002a75a2724465bad9
results/lggc_council_match.csv sha256: e9b3fe3cf69e3da8b265673b6f7f5ba35f5ccc079ba05fb93744aa3d35fc890d
results/lggc_items_all_councils.csv sha256: 261af8ae05d9d773065a9885685f53386cb0790d5204da8e88e4cbfc03754005
results/lggc_column_map.csv sha256: a8dc484b5738386185a991e7a3e24d3d01517ddfe0341ada7ca07a49cdcb345b
build_rows.py sha256: 7b937d42bcfa87b0fdea6881db999f8fa0ac89c1e431ab3829a73d1bf1fb2726
build_geo_items.py sha256: 51acd2fa9242de1a64d94449dacdb1636904acff0698926fbd070747d6451acc
build_scores.py sha256: ebd71814c8fbcef18e8877e53f9ee04d1e2a5efd8b0eef8e3e2477f2db2c947c
lggc_lib.py sha256: 7edef181904243f7c1b8327125791a6e472357963f582d21b0ded226f864fe4a
lggc_items.py sha256: 0752dcd9b2182e2ed8e424d27bf2d004cab3a062282d5885634b88b22dc720cc
nf_lib.py sha256: a123b6bf2ab036c0fc848863b3a0b8819e7f019e94a05cedf650baf1c6c1c695
